
Microsoft Visual Studio Solution File, Format Version 11.00
# Visual Studio 2010
Project("{FAE04EC0-301F-11D3-BF4B-00C04F79EFBC}") = "Drop Top", "Assembly-CSharp.csproj", "{4A321B52-1D3D-D58F-2B59-EF88A470EC2A}"
EndProject
Project("{FAE04EC0-301F-11D3-BF4B-00C04F79EFBC}") = "Drop Top", "Assembly-CSharp-Editor.csproj", "{517F0C7B-F3AD-7A18-847C-C2C7B465A9C7}"
EndProject
Global
	GlobalSection(SolutionConfigurationPlatforms) = preSolution
		Debug|Any CPU = Debug|Any CPU
		Release|Any CPU = Release|Any CPU
	EndGlobalSection
	GlobalSection(ProjectConfigurationPlatforms) = postSolution
		{4A321B52-1D3D-D58F-2B59-EF88A470EC2A}.Debug|Any CPU.ActiveCfg = Debug|Any CPU
		{4A321B52-1D3D-D58F-2B59-EF88A470EC2A}.Debug|Any CPU.Build.0 = Debug|Any CPU
		{4A321B52-1D3D-D58F-2B59-EF88A470EC2A}.Release|Any CPU.ActiveCfg = Release|Any CPU
		{4A321B52-1D3D-D58F-2B59-EF88A470EC2A}.Release|Any CPU.Build.0 = Release|Any CPU
		{517F0C7B-F3AD-7A18-847C-C2C7B465A9C7}.Debug|Any CPU.ActiveCfg = Debug|Any CPU
		{517F0C7B-F3AD-7A18-847C-C2C7B465A9C7}.Debug|Any CPU.Build.0 = Debug|Any CPU
		{517F0C7B-F3AD-7A18-847C-C2C7B465A9C7}.Release|Any CPU.ActiveCfg = Release|Any CPU
		{517F0C7B-F3AD-7A18-847C-C2C7B465A9C7}.Release|Any CPU.Build.0 = Release|Any CPU
	EndGlobalSection
	GlobalSection(SolutionProperties) = preSolution
		HideSolutionNode = FALSE
	EndGlobalSection
	GlobalSection(MonoDevelopProperties) = preSolution
		StartupItem = Assembly-CSharp.csproj
	EndGlobalSection
EndGlobal
